
Microsoft Visual Studio Solution File, Format Version 12.00
# Visual Studio Version 16
VisualStudioVersion = 16.0.32510.428
MinimumVisualStudioVersion = 10.0.40219.1
Project("{9A19103F-16F7-4668-BE54-9A1E7A4F7556}") = "UnitConsole", "UnitConsole\UnitConsole.csproj", "{5A00CC08-F081-4D8E-94A1-FCB25A4CAF11}"
EndProject
Project("{9A19103F-16F7-4668-BE54-9A1E7A4F7556}") = "BigCookieKit", "BigCookieKit\BigCookieKit.csproj", "{C573A7C2-F9DC-449F-ABBA-79A02BC8695C}"
EndProject
Project("{9A19103F-16F7-4668-BE54-9A1E7A4F7556}") = "NUnitBigCookieKit", "NUnitBigCookieKit\NUnitBigCookieKit.csproj", "{89226298-7E6F-4188-8625-E656FAF7C82D}"
EndProject
Project("{9A19103F-16F7-4668-BE54-9A1E7A4F7556}") = "TcpClientExmaple", "TcpClientExmaple\TcpClientExmaple.csproj", "{CB204554-CEB9-41B0-95A8-28B971CBCF85}"
EndProject
Project("{9A19103F-16F7-4668-BE54-9A1E7A4F7556}") = "TcpServerExmaple", "TcpServerExmaple\TcpServerExmaple.csproj", "{556A957C-A4A5-4A85-AB0C-D97C6F3F9E3B}"
EndProject
Project("{9A19103F-16F7-4668-BE54-9A1E7A4F7556}") = "BigCookieSequelize", "BigCookieSequelize\BigCookieSequelize.csproj", "{B4F21A00-7D87-4F13-830B-4AEE7C08028B}"
EndProject
Project("{9A19103F-16F7-4668-BE54-9A1E7A4F7556}") = "BigCookieKit.Reflect", "BigCookieKit.Reflect\BigCookieKit.Reflect.csproj", "{4C729F6E-30FA-4C36-83A5-2E1B77D1BFB1}"
EndProject
Project("{9A19103F-16F7-4668-BE54-9A1E7A4F7556}") = "BigCookieKit.Network", "BigCookieKit.Network\BigCookieKit.Network.csproj", "{D8DC2B8F-5545-4EE5-BF7C-CE67E34A0E72}"
EndProject
Project("{9A19103F-16F7-4668-BE54-9A1E7A4F7556}") = "BigCookieKit.Office", "BigCookieKit.Office\BigCookieKit.Office.csproj", "{1CD5EE79-C5FE-45C3-81D0-8D9FC4CC6D2F}"
EndProject
Project("{9A19103F-16F7-4668-BE54-9A1E7A4F7556}") = "UnitBenchmark", "UnitBenchmark\UnitBenchmark.csproj", "{3FCBF44C-18BE-47B8-9117-CB674E8EA565}"
EndProject
Project("{9A19103F-16F7-4668-BE54-9A1E7A4F7556}") = "BigCookieKit.Distributed", "BigCookieKit.Distributed\BigCookieKit.Distributed.csproj", "{2AE339E2-C766-4B46-AD90-886E55428AF2}"
EndProject
Project("{9A19103F-16F7-4668-BE54-9A1E7A4F7556}") = "BigCookieKit.Rpc", "BigCookieKit.Rpc\BigCookieKit.Rpc.csproj", "{1307136A-117B-456D-ACC8-6BF3C6CF5BA5}"
EndProject
Project("{9A19103F-16F7-4668-BE54-9A1E7A4F7556}") = "BigCookieKit.AspCore", "BigCookieKit.AspCore\BigCookieKit.AspCore.csproj", "{DF46411E-F89B-4E17-9B51-3ECC53B04D14}"
EndProject
Project("{9A19103F-16F7-4668-BE54-9A1E7A4F7556}") = "BigCookie.Document", "BigCookie.Document\BigCookie.Document.csproj", "{8336DC2B-F98C-41A0-A66E-4D69C1A0487A}"
EndProject
Project("{FAE04EC0-301F-11D3-BF4B-00C04F79EFBC}") = "UnitAspExample", "UnitAspExample\UnitAspExample.csproj", "{B9B63655-4300-452B-A063-955A16CAE0A5}"
EndProject
Global
	GlobalSection(SolutionConfigurationPlatforms) = preSolution
		Debug|Any CPU = Debug|Any CPU
		Release|Any CPU = Release|Any CPU
	EndGlobalSection
	GlobalSection(ProjectConfigurationPlatforms) = postSolution
		{5A00CC08-F081-4D8E-94A1-FCB25A4CAF11}.Debug|Any CPU.ActiveCfg = Debug|Any CPU
		{5A00CC08-F081-4D8E-94A1-FCB25A4CAF11}.Debug|Any CPU.Build.0 = Debug|Any CPU
		{5A00CC08-F081-4D8E-94A1-FCB25A4CAF11}.Release|Any CPU.ActiveCfg = Release|Any CPU
		{5A00CC08-F081-4D8E-94A1-FCB25A4CAF11}.Release|Any CPU.Build.0 = Release|Any CPU
		{C573A7C2-F9DC-449F-ABBA-79A02BC8695C}.Debug|Any CPU.ActiveCfg = Debug|Any CPU
		{C573A7C2-F9DC-449F-ABBA-79A02BC8695C}.Debug|Any CPU.Build.0 = Debug|Any CPU
		{C573A7C2-F9DC-449F-ABBA-79A02BC8695C}.Release|Any CPU.ActiveCfg = Release|Any CPU
		{C573A7C2-F9DC-449F-ABBA-79A02BC8695C}.Release|Any CPU.Build.0 = Release|Any CPU
		{89226298-7E6F-4188-8625-E656FAF7C82D}.Debug|Any CPU.ActiveCfg = Debug|Any CPU
		{89226298-7E6F-4188-8625-E656FAF7C82D}.Debug|Any CPU.Build.0 = Debug|Any CPU
		{89226298-7E6F-4188-8625-E656FAF7C82D}.Release|Any CPU.ActiveCfg = Release|Any CPU
		{89226298-7E6F-4188-8625-E656FAF7C82D}.Release|Any CPU.Build.0 = Release|Any CPU
		{CB204554-CEB9-41B0-95A8-28B971CBCF85}.Debug|Any CPU.ActiveCfg = Debug|Any CPU
		{CB204554-CEB9-41B0-95A8-28B971CBCF85}.Debug|Any CPU.Build.0 = Debug|Any CPU
		{CB204554-CEB9-41B0-95A8-28B971CBCF85}.Release|Any CPU.ActiveCfg = Release|Any CPU
		{CB204554-CEB9-41B0-95A8-28B971CBCF85}.Release|Any CPU.Build.0 = Release|Any CPU
		{556A957C-A4A5-4A85-AB0C-D97C6F3F9E3B}.Debug|Any CPU.ActiveCfg = Debug|Any CPU
		{556A957C-A4A5-4A85-AB0C-D97C6F3F9E3B}.Debug|Any CPU.Build.0 = Debug|Any CPU
		{556A957C-A4A5-4A85-AB0C-D97C6F3F9E3B}.Release|Any CPU.ActiveCfg = Release|Any CPU
		{556A957C-A4A5-4A85-AB0C-D97C6F3F9E3B}.Release|Any CPU.Build.0 = Release|Any CPU
		{B4F21A00-7D87-4F13-830B-4AEE7C08028B}.Debug|Any CPU.ActiveCfg = Debug|Any CPU
		{B4F21A00-7D87-4F13-830B-4AEE7C08028B}.Debug|Any CPU.Build.0 = Debug|Any CPU
		{B4F21A00-7D87-4F13-830B-4AEE7C08028B}.Release|Any CPU.ActiveCfg = Release|Any CPU
		{B4F21A00-7D87-4F13-830B-4AEE7C08028B}.Release|Any CPU.Build.0 = Release|Any CPU
		{4C729F6E-30FA-4C36-83A5-2E1B77D1BFB1}.Debug|Any CPU.ActiveCfg = Debug|Any CPU
		{4C729F6E-30FA-4C36-83A5-2E1B77D1BFB1}.Debug|Any CPU.Build.0 = Debug|Any CPU
		{4C729F6E-30FA-4C36-83A5-2E1B77D1BFB1}.Release|Any CPU.ActiveCfg = Release|Any CPU
		{4C729F6E-30FA-4C36-83A5-2E1B77D1BFB1}.Release|Any CPU.Build.0 = Release|Any CPU
		{D8DC2B8F-5545-4EE5-BF7C-CE67E34A0E72}.Debug|Any CPU.ActiveCfg = Debug|Any CPU
		{D8DC2B8F-5545-4EE5-BF7C-CE67E34A0E72}.Debug|Any CPU.Build.0 = Debug|Any CPU
		{D8DC2B8F-5545-4EE5-BF7C-CE67E34A0E72}.Release|Any CPU.ActiveCfg = Release|Any CPU
		{D8DC2B8F-5545-4EE5-BF7C-CE67E34A0E72}.Release|Any CPU.Build.0 = Release|Any CPU
		{1CD5EE79-C5FE-45C3-81D0-8D9FC4CC6D2F}.Debug|Any CPU.ActiveCfg = Debug|Any CPU
		{1CD5EE79-C5FE-45C3-81D0-8D9FC4CC6D2F}.Debug|Any CPU.Build.0 = Debug|Any CPU
		{1CD5EE79-C5FE-45C3-81D0-8D9FC4CC6D2F}.Release|Any CPU.ActiveCfg = Release|Any CPU
		{1CD5EE79-C5FE-45C3-81D0-8D9FC4CC6D2F}.Release|Any CPU.Build.0 = Release|Any CPU
		{3FCBF44C-18BE-47B8-9117-CB674E8EA565}.Debug|Any CPU.ActiveCfg = Debug|Any CPU
		{3FCBF44C-18BE-47B8-9117-CB674E8EA565}.Debug|Any CPU.Build.0 = Debug|Any CPU
		{3FCBF44C-18BE-47B8-9117-CB674E8EA565}.Release|Any CPU.ActiveCfg = Release|Any CPU
		{3FCBF44C-18BE-47B8-9117-CB674E8EA565}.Release|Any CPU.Build.0 = Release|Any CPU
		{2AE339E2-C766-4B46-AD90-886E55428AF2}.Debug|Any CPU.ActiveCfg = Debug|Any CPU
		{2AE339E2-C766-4B46-AD90-886E55428AF2}.Debug|Any CPU.Build.0 = Debug|Any CPU
		{2AE339E2-C766-4B46-AD90-886E55428AF2}.Release|Any CPU.ActiveCfg = Release|Any CPU
		{2AE339E2-C766-4B46-AD90-886E55428AF2}.Release|Any CPU.Build.0 = Release|Any CPU
		{1307136A-117B-456D-ACC8-6BF3C6CF5BA5}.Debug|Any CPU.ActiveCfg = Debug|Any CPU
		{1307136A-117B-456D-ACC8-6BF3C6CF5BA5}.Debug|Any CPU.Build.0 = Debug|Any CPU
		{1307136A-117B-456D-ACC8-6BF3C6CF5BA5}.Release|Any CPU.ActiveCfg = Release|Any CPU
		{1307136A-117B-456D-ACC8-6BF3C6CF5BA5}.Release|Any CPU.Build.0 = Release|Any CPU
		{DF46411E-F89B-4E17-9B51-3ECC53B04D14}.Debug|Any CPU.ActiveCfg = Debug|Any CPU
		{DF46411E-F89B-4E17-9B51-3ECC53B04D14}.Debug|Any CPU.Build.0 = Debug|Any CPU
		{DF46411E-F89B-4E17-9B51-3ECC53B04D14}.Release|Any CPU.ActiveCfg = Release|Any CPU
		{DF46411E-F89B-4E17-9B51-3ECC53B04D14}.Release|Any CPU.Build.0 = Release|Any CPU
		{8336DC2B-F98C-41A0-A66E-4D69C1A0487A}.Debug|Any CPU.ActiveCfg = Debug|Any CPU
		{8336DC2B-F98C-41A0-A66E-4D69C1A0487A}.Debug|Any CPU.Build.0 = Debug|Any CPU
		{8336DC2B-F98C-41A0-A66E-4D69C1A0487A}.Release|Any CPU.ActiveCfg = Release|Any CPU
		{8336DC2B-F98C-41A0-A66E-4D69C1A0487A}.Release|Any CPU.Build.0 = Release|Any CPU
		{B9B63655-4300-452B-A063-955A16CAE0A5}.Debug|Any CPU.ActiveCfg = Debug|Any CPU
		{B9B63655-4300-452B-A063-955A16CAE0A5}.Debug|Any CPU.Build.0 = Debug|Any CPU
		{B9B63655-4300-452B-A063-955A16CAE0A5}.Release|Any CPU.ActiveCfg = Release|Any CPU
		{B9B63655-4300-452B-A063-955A16CAE0A5}.Release|Any CPU.Build.0 = Release|Any CPU
	EndGlobalSection
	GlobalSection(SolutionProperties) = preSolution
		HideSolutionNode = FALSE
	EndGlobalSection
	GlobalSection(ExtensibilityGlobals) = postSolution
		SolutionGuid = {70218EE4-BB96-450D-819B-8626ECD41C14}
	EndGlobalSection
EndGlobal
