
Microsoft Visual Studio Solution File, Format Version 12.00
# Visual Studio Version 16
VisualStudioVersion = 16.0.29609.76
MinimumVisualStudioVersion = 10.0.40219.1
Project("{9A19103F-16F7-4668-BE54-9A1E7A4F7556}") = "NUnitGeneralKit", "NUnitGeneralKit\NUnitGeneralKit.csproj", "{DFB20085-F9E3-4EC7-9A12-57271189E289}"
EndProject
Project("{9A19103F-16F7-4668-BE54-9A1E7A4F7556}") = "GeneralKit", "GeneralKit\GeneralKit.csproj", "{B210149D-F751-4D4F-954D-E66A059334A4}"
EndProject
Project("{9A19103F-16F7-4668-BE54-9A1E7A4F7556}") = "UnitConsole", "UnitConsole\UnitConsole.csproj", "{5A00CC08-F081-4D8E-94A1-FCB25A4CAF11}"
EndProject
Project("{9A19103F-16F7-4668-BE54-9A1E7A4F7556}") = "ILWheatBread", "..\ILWheatBread\ILWheatBread\ILWheatBread.csproj", "{5EF52DB3-9F09-4F94-947C-1D4A67BC0264}"
EndProject
Global
	GlobalSection(SolutionConfigurationPlatforms) = preSolution
		Debug|Any CPU = Debug|Any CPU
		Release|Any CPU = Release|Any CPU
	EndGlobalSection
	GlobalSection(ProjectConfigurationPlatforms) = postSolution
		{DFB20085-F9E3-4EC7-9A12-57271189E289}.Debug|Any CPU.ActiveCfg = Debug|Any CPU
		{DFB20085-F9E3-4EC7-9A12-57271189E289}.Debug|Any CPU.Build.0 = Debug|Any CPU
		{DFB20085-F9E3-4EC7-9A12-57271189E289}.Release|Any CPU.ActiveCfg = Release|Any CPU
		{DFB20085-F9E3-4EC7-9A12-57271189E289}.Release|Any CPU.Build.0 = Release|Any CPU
		{B210149D-F751-4D4F-954D-E66A059334A4}.Debug|Any CPU.ActiveCfg = Debug|Any CPU
		{B210149D-F751-4D4F-954D-E66A059334A4}.Debug|Any CPU.Build.0 = Debug|Any CPU
		{B210149D-F751-4D4F-954D-E66A059334A4}.Release|Any CPU.ActiveCfg = Release|Any CPU
		{B210149D-F751-4D4F-954D-E66A059334A4}.Release|Any CPU.Build.0 = Release|Any CPU
		{5A00CC08-F081-4D8E-94A1-FCB25A4CAF11}.Debug|Any CPU.ActiveCfg = Debug|Any CPU
		{5A00CC08-F081-4D8E-94A1-FCB25A4CAF11}.Debug|Any CPU.Build.0 = Debug|Any CPU
		{5A00CC08-F081-4D8E-94A1-FCB25A4CAF11}.Release|Any CPU.ActiveCfg = Release|Any CPU
		{5A00CC08-F081-4D8E-94A1-FCB25A4CAF11}.Release|Any CPU.Build.0 = Release|Any CPU
		{5EF52DB3-9F09-4F94-947C-1D4A67BC0264}.Debug|Any CPU.ActiveCfg = Debug|Any CPU
		{5EF52DB3-9F09-4F94-947C-1D4A67BC0264}.Debug|Any CPU.Build.0 = Debug|Any CPU
		{5EF52DB3-9F09-4F94-947C-1D4A67BC0264}.Release|Any CPU.ActiveCfg = Release|Any CPU
		{5EF52DB3-9F09-4F94-947C-1D4A67BC0264}.Release|Any CPU.Build.0 = Release|Any CPU
	EndGlobalSection
	GlobalSection(SolutionProperties) = preSolution
		HideSolutionNode = FALSE
	EndGlobalSection
	GlobalSection(ExtensibilityGlobals) = postSolution
		SolutionGuid = {70218EE4-BB96-450D-819B-8626ECD41C14}
	EndGlobalSection
EndGlobal
