
Microsoft Visual Studio Solution File, Format Version 12.00
# Visual Studio Version 16
VisualStudioVersion = 16.0.29609.76
MinimumVisualStudioVersion = 10.0.40219.1
Project("{9A19103F-16F7-4668-BE54-9A1E7A4F7556}") = "自定义验证", "自定义验证\自定义验证.csproj", "{AF61F1F8-242C-478E-B913-0480DFDA51ED}"
EndProject
Project("{9A19103F-16F7-4668-BE54-9A1E7A4F7556}") = "GeneralKit", "CustomVerification\GeneralKit.csproj", "{CF00058C-DE9A-4184-8239-C295776E58C1}"
EndProject
Global
	GlobalSection(SolutionConfigurationPlatforms) = preSolution
		Debug|Any CPU = Debug|Any CPU
		Release|Any CPU = Release|Any CPU
	EndGlobalSection
	GlobalSection(ProjectConfigurationPlatforms) = postSolution
		{AF61F1F8-242C-478E-B913-0480DFDA51ED}.Debug|Any CPU.ActiveCfg = Debug|Any CPU
		{AF61F1F8-242C-478E-B913-0480DFDA51ED}.Debug|Any CPU.Build.0 = Debug|Any CPU
		{AF61F1F8-242C-478E-B913-0480DFDA51ED}.Release|Any CPU.ActiveCfg = Release|Any CPU
		{AF61F1F8-242C-478E-B913-0480DFDA51ED}.Release|Any CPU.Build.0 = Release|Any CPU
		{CF00058C-DE9A-4184-8239-C295776E58C1}.Debug|Any CPU.ActiveCfg = Debug|Any CPU
		{CF00058C-DE9A-4184-8239-C295776E58C1}.Debug|Any CPU.Build.0 = Debug|Any CPU
		{CF00058C-DE9A-4184-8239-C295776E58C1}.Release|Any CPU.ActiveCfg = Release|Any CPU
		{CF00058C-DE9A-4184-8239-C295776E58C1}.Release|Any CPU.Build.0 = Release|Any CPU
	EndGlobalSection
	GlobalSection(SolutionProperties) = preSolution
		HideSolutionNode = FALSE
	EndGlobalSection
	GlobalSection(ExtensibilityGlobals) = postSolution
		SolutionGuid = {70218EE4-BB96-450D-819B-8626ECD41C14}
	EndGlobalSection
EndGlobal
